
Microsoft Visual Studio Solution File, Format Version 12.00
# Visual Studio 15
VisualStudioVersion = 15.0.26730.3
MinimumVisualStudioVersion = 10.0.40219.1
Project("{FAE04EC0-301F-11D3-BF4B-00C04F79EFBC}") = "Formula", "Formula\Formula.csproj", "{8A4B52AA-FB1B-460A-B020-4557782111B5}"
EndProject
Project("{FAE04EC0-301F-11D3-BF4B-00C04F79EFBC}") = "FormulaTester", "FormulaTester\FormulaTester.csproj", "{352F329D-C682-4C21-AD5F-0288E14C1CCB}"
EndProject
Project("{FAE04EC0-301F-11D3-BF4B-00C04F79EFBC}") = "PS3_GradingTests", "PS3_GradingTests\PS3_GradingTests.csproj", "{550CADDB-20A4-42C1-8702-C8D2CD2F9003}"
EndProject
Global
	GlobalSection(SolutionConfigurationPlatforms) = preSolution
		Debug|Any CPU = Debug|Any CPU
		Release|Any CPU = Release|Any CPU
	EndGlobalSection
	GlobalSection(ProjectConfigurationPlatforms) = postSolution
		{8A4B52AA-FB1B-460A-B020-4557782111B5}.Debug|Any CPU.ActiveCfg = Debug|Any CPU
		{8A4B52AA-FB1B-460A-B020-4557782111B5}.Debug|Any CPU.Build.0 = Debug|Any CPU
		{8A4B52AA-FB1B-460A-B020-4557782111B5}.Release|Any CPU.ActiveCfg = Release|Any CPU
		{8A4B52AA-FB1B-460A-B020-4557782111B5}.Release|Any CPU.Build.0 = Release|Any CPU
		{352F329D-C682-4C21-AD5F-0288E14C1CCB}.Debug|Any CPU.ActiveCfg = Debug|Any CPU
		{352F329D-C682-4C21-AD5F-0288E14C1CCB}.Debug|Any CPU.Build.0 = Debug|Any CPU
		{352F329D-C682-4C21-AD5F-0288E14C1CCB}.Release|Any CPU.ActiveCfg = Release|Any CPU
		{352F329D-C682-4C21-AD5F-0288E14C1CCB}.Release|Any CPU.Build.0 = Release|Any CPU
		{550CADDB-20A4-42C1-8702-C8D2CD2F9003}.Debug|Any CPU.ActiveCfg = Debug|Any CPU
		{550CADDB-20A4-42C1-8702-C8D2CD2F9003}.Debug|Any CPU.Build.0 = Debug|Any CPU
		{550CADDB-20A4-42C1-8702-C8D2CD2F9003}.Release|Any CPU.ActiveCfg = Release|Any CPU
		{550CADDB-20A4-42C1-8702-C8D2CD2F9003}.Release|Any CPU.Build.0 = Release|Any CPU
	EndGlobalSection
	GlobalSection(SolutionProperties) = preSolution
		HideSolutionNode = FALSE
	EndGlobalSection
	GlobalSection(ExtensibilityGlobals) = postSolution
		SolutionGuid = {056E6E6D-73AC-454A-9B06-2E067D8F7929}
	EndGlobalSection
EndGlobal
