
Microsoft Visual Studio Solution File, Format Version 12.00
# Visual Studio 15
VisualStudioVersion = 15.0.26730.3
MinimumVisualStudioVersion = 10.0.40219.1
Project("{FAE04EC0-301F-11D3-BF4B-00C04F79EFBC}") = "FormulaEvaluatorTester", "FormulaEvaluatorTester\FormulaEvaluatorTester.csproj", "{90484842-6BA2-43F1-98EB-4736F3CAEA41}"
EndProject
Project("{FAE04EC0-301F-11D3-BF4B-00C04F79EFBC}") = "FormulaEvaluator", "FormulaEvaluator\FormulaEvaluator.csproj", "{1377A419-00E7-4458-AE41-B985A1BB616F}"
EndProject
Project("{FAE04EC0-301F-11D3-BF4B-00C04F79EFBC}") = "PS1_GradingTests", "PS1_GradingTests\PS1_GradingTests.csproj", "{EDAC2032-EDAE-442C-9CFF-8F0F70CD0957}"
EndProject
Global
	GlobalSection(SolutionConfigurationPlatforms) = preSolution
		Debug|Any CPU = Debug|Any CPU
		Release|Any CPU = Release|Any CPU
	EndGlobalSection
	GlobalSection(ProjectConfigurationPlatforms) = postSolution
		{90484842-6BA2-43F1-98EB-4736F3CAEA41}.Debug|Any CPU.ActiveCfg = Debug|Any CPU
		{90484842-6BA2-43F1-98EB-4736F3CAEA41}.Debug|Any CPU.Build.0 = Debug|Any CPU
		{90484842-6BA2-43F1-98EB-4736F3CAEA41}.Release|Any CPU.ActiveCfg = Release|Any CPU
		{90484842-6BA2-43F1-98EB-4736F3CAEA41}.Release|Any CPU.Build.0 = Release|Any CPU
		{1377A419-00E7-4458-AE41-B985A1BB616F}.Debug|Any CPU.ActiveCfg = Debug|Any CPU
		{1377A419-00E7-4458-AE41-B985A1BB616F}.Debug|Any CPU.Build.0 = Debug|Any CPU
		{1377A419-00E7-4458-AE41-B985A1BB616F}.Release|Any CPU.ActiveCfg = Release|Any CPU
		{1377A419-00E7-4458-AE41-B985A1BB616F}.Release|Any CPU.Build.0 = Release|Any CPU
		{EDAC2032-EDAE-442C-9CFF-8F0F70CD0957}.Debug|Any CPU.ActiveCfg = Debug|Any CPU
		{EDAC2032-EDAE-442C-9CFF-8F0F70CD0957}.Debug|Any CPU.Build.0 = Debug|Any CPU
		{EDAC2032-EDAE-442C-9CFF-8F0F70CD0957}.Release|Any CPU.ActiveCfg = Release|Any CPU
		{EDAC2032-EDAE-442C-9CFF-8F0F70CD0957}.Release|Any CPU.Build.0 = Release|Any CPU
	EndGlobalSection
	GlobalSection(SolutionProperties) = preSolution
		HideSolutionNode = FALSE
	EndGlobalSection
	GlobalSection(ExtensibilityGlobals) = postSolution
		SolutionGuid = {771E3FAD-D7E2-40E5-938C-9AE37E7A614A}
	EndGlobalSection
EndGlobal
