
Microsoft Visual Studio Solution File, Format Version 12.00
# Visual Studio 15
VisualStudioVersion = 15.0.26730.12
MinimumVisualStudioVersion = 10.0.40219.1
Project("{FAE04EC0-301F-11D3-BF4B-00C04F79EFBC}") = "View", "Client\View.csproj", "{52B174C0-D921-48F4-9F08-A95936601902}"
EndProject
Project("{FAE04EC0-301F-11D3-BF4B-00C04F79EFBC}") = "Controller", "Controller\Controller.csproj", "{5B2DE98D-105E-405F-A88E-F2801A264FC2}"
EndProject
Project("{FAE04EC0-301F-11D3-BF4B-00C04F79EFBC}") = "Resources", "Resources\Resources.csproj", "{A24E527E-600D-41B7-89F7-13A8BD552081}"
EndProject
Project("{FAE04EC0-301F-11D3-BF4B-00C04F79EFBC}") = "Model", "Model\Model.csproj", "{A27754D1-A30D-4FFD-B111-2A1F2A5FC5A4}"
EndProject
Project("{FAE04EC0-301F-11D3-BF4B-00C04F79EFBC}") = "Server", "Server\Server.csproj", "{99A57803-0E45-43D2-BD02-6EC4D599343F}"
EndProject
Project("{FAE04EC0-301F-11D3-BF4B-00C04F79EFBC}") = "WorldTests", "WorldTests\WorldTests.csproj", "{C257ED1D-B76E-4CEE-B140-66663CF84754}"
EndProject
Global
	GlobalSection(SolutionConfigurationPlatforms) = preSolution
		Debug|Any CPU = Debug|Any CPU
		Release|Any CPU = Release|Any CPU
	EndGlobalSection
	GlobalSection(ProjectConfigurationPlatforms) = postSolution
		{52B174C0-D921-48F4-9F08-A95936601902}.Debug|Any CPU.ActiveCfg = Debug|Any CPU
		{52B174C0-D921-48F4-9F08-A95936601902}.Debug|Any CPU.Build.0 = Debug|Any CPU
		{52B174C0-D921-48F4-9F08-A95936601902}.Release|Any CPU.ActiveCfg = Release|Any CPU
		{52B174C0-D921-48F4-9F08-A95936601902}.Release|Any CPU.Build.0 = Release|Any CPU
		{5B2DE98D-105E-405F-A88E-F2801A264FC2}.Debug|Any CPU.ActiveCfg = Debug|Any CPU
		{5B2DE98D-105E-405F-A88E-F2801A264FC2}.Debug|Any CPU.Build.0 = Debug|Any CPU
		{5B2DE98D-105E-405F-A88E-F2801A264FC2}.Release|Any CPU.ActiveCfg = Release|Any CPU
		{5B2DE98D-105E-405F-A88E-F2801A264FC2}.Release|Any CPU.Build.0 = Release|Any CPU
		{A24E527E-600D-41B7-89F7-13A8BD552081}.Debug|Any CPU.ActiveCfg = Debug|Any CPU
		{A24E527E-600D-41B7-89F7-13A8BD552081}.Release|Any CPU.ActiveCfg = Release|Any CPU
		{A24E527E-600D-41B7-89F7-13A8BD552081}.Release|Any CPU.Build.0 = Release|Any CPU
		{A27754D1-A30D-4FFD-B111-2A1F2A5FC5A4}.Debug|Any CPU.ActiveCfg = Debug|Any CPU
		{A27754D1-A30D-4FFD-B111-2A1F2A5FC5A4}.Debug|Any CPU.Build.0 = Debug|Any CPU
		{A27754D1-A30D-4FFD-B111-2A1F2A5FC5A4}.Release|Any CPU.ActiveCfg = Release|Any CPU
		{A27754D1-A30D-4FFD-B111-2A1F2A5FC5A4}.Release|Any CPU.Build.0 = Release|Any CPU
		{99A57803-0E45-43D2-BD02-6EC4D599343F}.Debug|Any CPU.ActiveCfg = Debug|Any CPU
		{99A57803-0E45-43D2-BD02-6EC4D599343F}.Debug|Any CPU.Build.0 = Debug|Any CPU
		{99A57803-0E45-43D2-BD02-6EC4D599343F}.Release|Any CPU.ActiveCfg = Release|Any CPU
		{99A57803-0E45-43D2-BD02-6EC4D599343F}.Release|Any CPU.Build.0 = Release|Any CPU
		{C257ED1D-B76E-4CEE-B140-66663CF84754}.Debug|Any CPU.ActiveCfg = Debug|Any CPU
		{C257ED1D-B76E-4CEE-B140-66663CF84754}.Debug|Any CPU.Build.0 = Debug|Any CPU
		{C257ED1D-B76E-4CEE-B140-66663CF84754}.Release|Any CPU.ActiveCfg = Release|Any CPU
		{C257ED1D-B76E-4CEE-B140-66663CF84754}.Release|Any CPU.Build.0 = Release|Any CPU
	EndGlobalSection
	GlobalSection(SolutionProperties) = preSolution
		HideSolutionNode = FALSE
	EndGlobalSection
	GlobalSection(ExtensibilityGlobals) = postSolution
		SolutionGuid = {B84A4D49-577C-4E44-BF94-1F83094A5EBE}
	EndGlobalSection
EndGlobal
